{
  "name": "sandbox-assemblyscript",
  "version": "1.0.0",
  "lockfileVersion": 3,
  "requires": true,
  "packages": {
    "": {
      "name": "sandbox-assemblyscript",
      "version": "1.0.0",
      "dependencies": {
        "@assemblyscript/loader": "^0.27.5"
      },
      "devDependencies": {
        "assemblyscript": "^0.27.5"
      }
    },
    "node_modules/@assemblyscript/loader": {
      "version": "0.27.32",
      "resolved": "https://registry.npmjs.org/@assemblyscript/loader/-/loader-0.27.32.tgz",
      "integrity": "sha512-aFvouapuTun2DFGqraTrd7ieWzW2bfQXD8owykDlf9LZ14lZi235m1x8afYYP4zo254OXrJ5QnIOWxTtLtjsSg==",
      "license": "Apache-2.0"
    },
    "node_modules/assemblyscript": {
      "version": "0.27.32",
      "resolved": "https://registry.npmjs.org/assemblyscript/-/assemblyscript-0.27.32.tgz",
      "integrity": "sha512-A8ULHwC6hp4F3moAeQWdciKoccZGZLM9Fsk4pQGywY/fd/S+tslmqBcINroFSI9tW18nO9mC8zh76bik1BkyUA==",
      "dev": true,
      "license": "Apache-2.0",
      "dependencies": {
        "binaryen": "116.0.0-nightly.20240114",
        "long": "^5.2.1"
      },
      "bin": {
        "asc": "bin/asc.js",
        "asinit": "bin/asinit.js"
      },
      "engines": {
        "node": ">=16",
        "npm": ">=7"
      },
      "funding": {
        "type": "opencollective",
        "url": "https://opencollective.com/assemblyscript"
      }
    },
    "node_modules/binaryen": {
      "version": "116.0.0-nightly.20240114",
      "resolved": "https://registry.npmjs.org/binaryen/-/binaryen-116.0.0-nightly.20240114.tgz",
      "integrity": "sha512-0GZrojJnuhoe+hiwji7QFaL3tBlJoA+KFUN7ouYSDGZLSo9CKM8swQX8n/UcbR0d1VuZKU+nhogNzv423JEu5A==",
      "dev": true,
      "license": "Apache-2.0",
      "bin": {
        "wasm-opt": "bin/wasm-opt",
        "wasm2js": "bin/wasm2js"
      }
    },
    "node_modules/long": {
      "version": "5.2.4",
      "resolved": "https://registry.npmjs.org/long/-/long-5.2.4.tgz",
      "integrity": "sha512-qtzLbJE8hq7VabR3mISmVGtoXP8KGc2Z/AT8OuqlYD7JTR3oqrgwdjnk07wpj1twXxYmgDXgoKVWUG/fReSzHg==",
      "dev": true,
      "license": "Apache-2.0"
    }
  }
}
