{
  "name": "sandbox-assemblyscript",
  "version": "1.0.0",
  "lockfileVersion": 3,
  "requires": true,
  "packages": {
    "": {
      "name": "sandbox-assemblyscript",
      "version": "1.0.0",
      "dependencies": {
        "@assemblyscript/loader": "^0.27.5"
      },
      "devDependencies": {
        "assemblyscript": "^0.28.9"
      }
    },
    "node_modules/@assemblyscript/loader": {
      "version": "0.27.32",
      "resolved": "https://registry.npmjs.org/@assemblyscript/loader/-/loader-0.27.32.tgz",
      "integrity": "sha512-aFvouapuTun2DFGqraTrd7ieWzW2bfQXD8owykDlf9LZ14lZi235m1x8afYYP4zo254OXrJ5QnIOWxTtLtjsSg==",
      "license": "Apache-2.0"
    },
    "node_modules/assemblyscript": {
      "version": "0.28.9",
      "resolved": "https://registry.npmjs.org/assemblyscript/-/assemblyscript-0.28.9.tgz",
      "integrity": "sha512-UQqIYSUuJzqQP6fKTs1CtanyxmnDk7K+Kmj/J67agimxDqxjdMnTF/y9rEHUBL+K/VIEV4QYu57RMrL5LwbAvw==",
      "dev": true,
      "license": "Apache-2.0",
      "dependencies": {
        "binaryen": "123.0.0-nightly.20250530",
        "long": "^5.2.4"
      },
      "bin": {
        "asc": "bin/asc.js",
        "asinit": "bin/asinit.js"
      },
      "engines": {
        "node": ">=20",
        "npm": ">=10"
      },
      "funding": {
        "type": "opencollective",
        "url": "https://opencollective.com/assemblyscript"
      }
    },
    "node_modules/binaryen": {
      "version": "123.0.0-nightly.20250530",
      "resolved": "https://registry.npmjs.org/binaryen/-/binaryen-123.0.0-nightly.20250530.tgz",
      "integrity": "sha512-d1zPHBN5YlOd3Ff+OUxvVExuFeh8heSnqe+X3bjItFxGLvn4VGBKmrvv7pgy/cRhrIUGuPW138iaWfDhwjyDqg==",
      "dev": true,
      "license": "Apache-2.0",
      "bin": {
        "wasm-as": "bin/wasm-as",
        "wasm-ctor-eval": "bin/wasm-ctor-eval",
        "wasm-dis": "bin/wasm-dis",
        "wasm-merge": "bin/wasm-merge",
        "wasm-metadce": "bin/wasm-metadce",
        "wasm-opt": "bin/wasm-opt",
        "wasm-reduce": "bin/wasm-reduce",
        "wasm-shell": "bin/wasm-shell",
        "wasm2js": "bin/wasm2js"
      }
    },
    "node_modules/long": {
      "version": "5.2.4",
      "resolved": "https://registry.npmjs.org/long/-/long-5.2.4.tgz",
      "integrity": "sha512-qtzLbJE8hq7VabR3mISmVGtoXP8KGc2Z/AT8OuqlYD7JTR3oqrgwdjnk07wpj1twXxYmgDXgoKVWUG/fReSzHg==",
      "dev": true,
      "license": "Apache-2.0"
    }
  }
}
